// !$*UTF8*$!
{
	archiveVersion = 1;
	classes = {
	};
	objectVersion = 50;
	objects = {

/* Begin PBXBuildFile section */
		19B45F61264B8A5C00B33163 /* Color+Extensions.swift in Sources */ = {isa = PBXBuildFile; fileRef = 19B45F60264B8A5C00B33163 /* Color+Extensions.swift */; };
		19B45F69264B919400B33163 /* CreditCardView.swift in Sources */ = {isa = PBXBuildFile; fileRef = 19B45F68264B919400B33163 /* CreditCardView.swift */; };
		19B45F82264CCA3A00B33163 /* UIApplication+Extensions.swift in Sources */ = {isa = PBXBuildFile; fileRef = 19B45F81264CCA3A00B33163 /* UIApplication+Extensions.swift */; };
		19DC60D02643524C00E29843 /* AppDelegate.swift in Sources */ = {isa = PBXBuildFile; fileRef = 19DC60CF2643524C00E29843 /* AppDelegate.swift */; };
		19DC60D22643524C00E29843 /* SceneDelegate.swift in Sources */ = {isa = PBXBuildFile; fileRef = 19DC60D12643524C00E29843 /* SceneDelegate.swift */; };
		19DC60D92643524D00E29843 /* Assets.xcassets in Resources */ = {isa = PBXBuildFile; fileRef = 19DC60D82643524D00E29843 /* Assets.xcassets */; };
		19DC60DC2643524D00E29843 /* LaunchScreen.storyboard in Resources */ = {isa = PBXBuildFile; fileRef = 19DC60DA2643524D00E29843 /* LaunchScreen.storyboard */; };
		19DC60E72643524D00E29843 /* CardReaderTests.swift in Sources */ = {isa = PBXBuildFile; fileRef = 19DC60E62643524D00E29843 /* CardReaderTests.swift */; };
		19DC60F22643524D00E29843 /* CardReaderUITests.swift in Sources */ = {isa = PBXBuildFile; fileRef = 19DC60F12643524D00E29843 /* CardReaderUITests.swift */; };
		19DC610B2643527200E29843 /* CardReaderView.swift in Sources */ = {isa = PBXBuildFile; fileRef = 19DC610A2643527200E29843 /* CardReaderView.swift */; };
		19DC628E2644D4A100E29843 /* ImageTextRecognizable.swift in Sources */ = {isa = PBXBuildFile; fileRef = 19DC628D2644D4A100E29843 /* ImageTextRecognizable.swift */; };
		19DC62942644DE7E00E29843 /* CardDetails.swift in Sources */ = {isa = PBXBuildFile; fileRef = 19DC62932644DE7E00E29843 /* CardDetails.swift */; };
		19DC62A82644EAA600E29843 /* CardFormView.swift in Sources */ = {isa = PBXBuildFile; fileRef = 19DC62A72644EAA600E29843 /* CardFormView.swift */; };
		19DC62E52645FB8500E29843 /* CardFormField.swift in Sources */ = {isa = PBXBuildFile; fileRef = 19DC62E42645FB8500E29843 /* CardFormField.swift */; };
/* End PBXBuildFile section */

/* Begin PBXContainerItemProxy section */
		19DC60E32643524D00E29843 /* PBXContainerItemProxy */ = {
			isa = PBXContainerItemProxy;
			containerPortal = 19DC60C42643524C00E29843 /* Project object */;
			proxyType = 1;
			remoteGlobalIDString = 19DC60CB2643524C00E29843;
			remoteInfo = CardReader;
		};
		19DC60EE2643524D00E29843 /* PBXContainerItemProxy */ = {
			isa = PBXContainerItemProxy;
			containerPortal = 19DC60C42643524C00E29843 /* Project object */;
			proxyType = 1;
			remoteGlobalIDString = 19DC60CB2643524C00E29843;
			remoteInfo = CardReader;
		};
/* End PBXContainerItemProxy section */

/* Begin PBXFileReference section */
		19B45F60264B8A5C00B33163 /* Color+Extensions.swift */ = {isa = PBXFileReference; lastKnownFileType = sourcecode.swift; path = "Color+Extensions.swift"; sourceTree = "<group>"; };
		19B45F68264B919400B33163 /* CreditCardView.swift */ = {isa = PBXFileReference; lastKnownFileType = sourcecode.swift; path = CreditCardView.swift; sourceTree = "<group>"; };
		19B45F81264CCA3A00B33163 /* UIApplication+Extensions.swift */ = {isa = PBXFileReference; lastKnownFileType = sourcecode.swift; path = "UIApplication+Extensions.swift"; sourceTree = "<group>"; };
		19DC60CC2643524C00E29843 /* CardReader.app */ = {isa = PBXFileReference; explicitFileType = wrapper.application; includeInIndex = 0; path = CardReader.app; sourceTree = BUILT_PRODUCTS_DIR; };
		19DC60CF2643524C00E29843 /* AppDelegate.swift */ = {isa = PBXFileReference; lastKnownFileType = sourcecode.swift; path = AppDelegate.swift; sourceTree = "<group>"; };
		19DC60D12643524C00E29843 /* SceneDelegate.swift */ = {isa = PBXFileReference; lastKnownFileType = sourcecode.swift; path = SceneDelegate.swift; sourceTree = "<group>"; };
		19DC60D82643524D00E29843 /* Assets.xcassets */ = {isa = PBXFileReference; lastKnownFileType = folder.assetcatalog; path = Assets.xcassets; sourceTree = "<group>"; };
		19DC60DB2643524D00E29843 /* Base */ = {isa = PBXFileReference; lastKnownFileType = file.storyboard; name = Base; path = Base.lproj/LaunchScreen.storyboard; sourceTree = "<group>"; };
		19DC60DD2643524D00E29843 /* Info.plist */ = {isa = PBXFileReference; lastKnownFileType = text.plist.xml; path = Info.plist; sourceTree = "<group>"; };
		19DC60E22643524D00E29843 /* CardReaderTests.xctest */ = {isa = PBXFileReference; explicitFileType = wrapper.cfbundle; includeInIndex = 0; path = CardReaderTests.xctest; sourceTree = BUILT_PRODUCTS_DIR; };
		19DC60E62643524D00E29843 /* CardReaderTests.swift */ = {isa = PBXFileReference; lastKnownFileType = sourcecode.swift; path = CardReaderTests.swift; sourceTree = "<group>"; };
		19DC60E82643524D00E29843 /* Info.plist */ = {isa = PBXFileReference; lastKnownFileType = text.plist.xml; path = Info.plist; sourceTree = "<group>"; };
		19DC60ED2643524D00E29843 /* CardReaderUITests.xctest */ = {isa = PBXFileReference; explicitFileType = wrapper.cfbundle; includeInIndex = 0; path = CardReaderUITests.xctest; sourceTree = BUILT_PRODUCTS_DIR; };
		19DC60F12643524D00E29843 /* CardReaderUITests.swift */ = {isa = PBXFileReference; lastKnownFileType = sourcecode.swift; path = CardReaderUITests.swift; sourceTree = "<group>"; };
		19DC60F32643524D00E29843 /* Info.plist */ = {isa = PBXFileReference; lastKnownFileType = text.plist.xml; path = Info.plist; sourceTree = "<group>"; };
		19DC610A2643527200E29843 /* CardReaderView.swift */ = {isa = PBXFileReference; fileEncoding = 4; lastKnownFileType = sourcecode.swift; path = CardReaderView.swift; sourceTree = "<group>"; };
		19DC628D2644D4A100E29843 /* ImageTextRecognizable.swift */ = {isa = PBXFileReference; lastKnownFileType = sourcecode.swift; path = ImageTextRecognizable.swift; sourceTree = "<group>"; };
		19DC62932644DE7E00E29843 /* CardDetails.swift */ = {isa = PBXFileReference; lastKnownFileType = sourcecode.swift; path = CardDetails.swift; sourceTree = "<group>"; };
		19DC62A72644EAA600E29843 /* CardFormView.swift */ = {isa = PBXFileReference; lastKnownFileType = sourcecode.swift; path = CardFormView.swift; sourceTree = "<group>"; };
		19DC62E42645FB8500E29843 /* CardFormField.swift */ = {isa = PBXFileReference; lastKnownFileType = sourcecode.swift; path = CardFormField.swift; sourceTree = "<group>"; };
/* End PBXFileReference section */

/* Begin PBXFrameworksBuildPhase section */
		19DC60C92643524C00E29843 /* Frameworks */ = {
			isa = PBXFrameworksBuildPhase;
			buildActionMask = 2147483647;
			files = (
			);
			runOnlyForDeploymentPostprocessing = 0;
		};
		19DC60DF2643524D00E29843 /* Frameworks */ = {
			isa = PBXFrameworksBuildPhase;
			buildActionMask = 2147483647;
			files = (
			);
			runOnlyForDeploymentPostprocessing = 0;
		};
		19DC60EA2643524D00E29843 /* Frameworks */ = {
			isa = PBXFrameworksBuildPhase;
			buildActionMask = 2147483647;
			files = (
			);
			runOnlyForDeploymentPostprocessing = 0;
		};
/* End PBXFrameworksBuildPhase section */

/* Begin PBXGroup section */
		19B45F5C264B8A3B00B33163 /* Extensions */ = {
			isa = PBXGroup;
			children = (
				19B45F60264B8A5C00B33163 /* Color+Extensions.swift */,
				19B45F81264CCA3A00B33163 /* UIApplication+Extensions.swift */,
			);
			path = Extensions;
			sourceTree = "<group>";
		};
		19B45F6D264C700100B33163 /* CardForm */ = {
			isa = PBXGroup;
			children = (
				19DC62A72644EAA600E29843 /* CardFormView.swift */,
				19DC62E42645FB8500E29843 /* CardFormField.swift */,
			);
			path = CardForm;
			sourceTree = "<group>";
		};
		19B45F6E264C701400B33163 /* CardReader */ = {
			isa = PBXGroup;
			children = (
				19DC610A2643527200E29843 /* CardReaderView.swift */,
			);
			path = CardReader;
			sourceTree = "<group>";
		};
		19B45F6F264C702000B33163 /* CreditCard */ = {
			isa = PBXGroup;
			children = (
				19B45F68264B919400B33163 /* CreditCardView.swift */,
			);
			path = CreditCard;
			sourceTree = "<group>";
		};
		19DC60C32643524C00E29843 = {
			isa = PBXGroup;
			children = (
				19DC60CE2643524C00E29843 /* CardReader */,
				19DC60E52643524D00E29843 /* CardReaderTests */,
				19DC60F02643524D00E29843 /* CardReaderUITests */,
				19DC60CD2643524C00E29843 /* Products */,
			);
			sourceTree = "<group>";
		};
		19DC60CD2643524C00E29843 /* Products */ = {
			isa = PBXGroup;
			children = (
				19DC60CC2643524C00E29843 /* CardReader.app */,
				19DC60E22643524D00E29843 /* CardReaderTests.xctest */,
				19DC60ED2643524D00E29843 /* CardReaderUITests.xctest */,
			);
			name = Products;
			sourceTree = "<group>";
		};
		19DC60CE2643524C00E29843 /* CardReader */ = {
			isa = PBXGroup;
			children = (
				19B45F5C264B8A3B00B33163 /* Extensions */,
				19DC62922644DE7400E29843 /* Models */,
				19DC62D02644F13900E29843 /* Views */,
				19DC60CF2643524C00E29843 /* AppDelegate.swift */,
				19DC60D12643524C00E29843 /* SceneDelegate.swift */,
				19DC60D82643524D00E29843 /* Assets.xcassets */,
				19DC60DA2643524D00E29843 /* LaunchScreen.storyboard */,
				19DC60DD2643524D00E29843 /* Info.plist */,
			);
			path = CardReader;
			sourceTree = "<group>";
		};
		19DC60E52643524D00E29843 /* CardReaderTests */ = {
			isa = PBXGroup;
			children = (
				19DC60E62643524D00E29843 /* CardReaderTests.swift */,
				19DC60E82643524D00E29843 /* Info.plist */,
			);
			path = CardReaderTests;
			sourceTree = "<group>";
		};
		19DC60F02643524D00E29843 /* CardReaderUITests */ = {
			isa = PBXGroup;
			children = (
				19DC60F12643524D00E29843 /* CardReaderUITests.swift */,
				19DC60F32643524D00E29843 /* Info.plist */,
			);
			path = CardReaderUITests;
			sourceTree = "<group>";
		};
		19DC62922644DE7400E29843 /* Models */ = {
			isa = PBXGroup;
			children = (
				19DC62932644DE7E00E29843 /* CardDetails.swift */,
				19DC628D2644D4A100E29843 /* ImageTextRecognizable.swift */,
			);
			path = Models;
			sourceTree = "<group>";
		};
		19DC62D02644F13900E29843 /* Views */ = {
			isa = PBXGroup;
			children = (
				19B45F6D264C700100B33163 /* CardForm */,
				19B45F6E264C701400B33163 /* CardReader */,
				19B45F6F264C702000B33163 /* CreditCard */,
			);
			path = Views;
			sourceTree = "<group>";
		};
/* End PBXGroup section */

/* Begin PBXNativeTarget section */
		19DC60CB2643524C00E29843 /* CardReader */ = {
			isa = PBXNativeTarget;
			buildConfigurationList = 19DC60F62643524D00E29843 /* Build configuration list for PBXNativeTarget "CardReader" */;
			buildPhases = (
				19DC60C82643524C00E29843 /* Sources */,
				19DC60C92643524C00E29843 /* Frameworks */,
				19DC60CA2643524C00E29843 /* Resources */,
			);
			buildRules = (
			);
			dependencies = (
			);
			name = CardReader;
			productName = CardReader;
			productReference = 19DC60CC2643524C00E29843 /* CardReader.app */;
			productType = "com.apple.product-type.application";
		};
		19DC60E12643524D00E29843 /* CardReaderTests */ = {
			isa = PBXNativeTarget;
			buildConfigurationList = 19DC60F92643524D00E29843 /* Build configuration list for PBXNativeTarget "CardReaderTests" */;
			buildPhases = (
				19DC60DE2643524D00E29843 /* Sources */,
				19DC60DF2643524D00E29843 /* Frameworks */,
				19DC60E02643524D00E29843 /* Resources */,
			);
			buildRules = (
			);
			dependencies = (
				19DC60E42643524D00E29843 /* PBXTargetDependency */,
			);
			name = CardReaderTests;
			productName = CardReaderTests;
			productReference = 19DC60E22643524D00E29843 /* CardReaderTests.xctest */;
			productType = "com.apple.product-type.bundle.unit-test";
		};
		19DC60EC2643524D00E29843 /* CardReaderUITests */ = {
			isa = PBXNativeTarget;
			buildConfigurationList = 19DC60FC2643524D00E29843 /* Build configuration list for PBXNativeTarget "CardReaderUITests" */;
			buildPhases = (
				19DC60E92643524D00E29843 /* Sources */,
				19DC60EA2643524D00E29843 /* Frameworks */,
				19DC60EB2643524D00E29843 /* Resources */,
			);
			buildRules = (
			);
			dependencies = (
				19DC60EF2643524D00E29843 /* PBXTargetDependency */,
			);
			name = CardReaderUITests;
			productName = CardReaderUITests;
			productReference = 19DC60ED2643524D00E29843 /* CardReaderUITests.xctest */;
			productType = "com.apple.product-type.bundle.ui-testing";
		};
/* End PBXNativeTarget section */

/* Begin PBXProject section */
		19DC60C42643524C00E29843 /* Project object */ = {
			isa = PBXProject;
			attributes = {
				LastSwiftUpdateCheck = 1240;
				LastUpgradeCheck = 1240;
				TargetAttributes = {
					19DC60CB2643524C00E29843 = {
						CreatedOnToolsVersion = 12.4;
					};
					19DC60E12643524D00E29843 = {
						CreatedOnToolsVersion = 12.4;
						TestTargetID = 19DC60CB2643524C00E29843;
					};
					19DC60EC2643524D00E29843 = {
						CreatedOnToolsVersion = 12.4;
						TestTargetID = 19DC60CB2643524C00E29843;
					};
				};
			};
			buildConfigurationList = 19DC60C72643524C00E29843 /* Build configuration list for PBXProject "CardReader" */;
			compatibilityVersion = "Xcode 9.3";
			developmentRegion = en;
			hasScannedForEncodings = 0;
			knownRegions = (
				en,
				Base,
			);
			mainGroup = 19DC60C32643524C00E29843;
			productRefGroup = 19DC60CD2643524C00E29843 /* Products */;
			projectDirPath = "";
			projectRoot = "";
			targets = (
				19DC60CB2643524C00E29843 /* CardReader */,
				19DC60E12643524D00E29843 /* CardReaderTests */,
				19DC60EC2643524D00E29843 /* CardReaderUITests */,
			);
		};
/* End PBXProject section */

/* Begin PBXResourcesBuildPhase section */
		19DC60CA2643524C00E29843 /* Resources */ = {
			isa = PBXResourcesBuildPhase;
			buildActionMask = 2147483647;
			files = (
				19DC60DC2643524D00E29843 /* LaunchScreen.storyboard in Resources */,
				19DC60D92643524D00E29843 /* Assets.xcassets in Resources */,
			);
			runOnlyForDeploymentPostprocessing = 0;
		};
		19DC60E02643524D00E29843 /* Resources */ = {
			isa = PBXResourcesBuildPhase;
			buildActionMask = 2147483647;
			files = (
			);
			runOnlyForDeploymentPostprocessing = 0;
		};
		19DC60EB2643524D00E29843 /* Resources */ = {
			isa = PBXResourcesBuildPhase;
			buildActionMask = 2147483647;
			files = (
			);
			runOnlyForDeploymentPostprocessing = 0;
		};
/* End PBXResourcesBuildPhase section */

/* Begin PBXSourcesBuildPhase section */
		19DC60C82643524C00E29843 /* Sources */ = {
			isa = PBXSourcesBuildPhase;
			buildActionMask = 2147483647;
			files = (
				19B45F82264CCA3A00B33163 /* UIApplication+Extensions.swift in Sources */,
				19DC62A82644EAA600E29843 /* CardFormView.swift in Sources */,
				19DC610B2643527200E29843 /* CardReaderView.swift in Sources */,
				19DC60D02643524C00E29843 /* AppDelegate.swift in Sources */,
				19B45F61264B8A5C00B33163 /* Color+Extensions.swift in Sources */,
				19DC60D22643524C00E29843 /* SceneDelegate.swift in Sources */,
				19B45F69264B919400B33163 /* CreditCardView.swift in Sources */,
				19DC628E2644D4A100E29843 /* ImageTextRecognizable.swift in Sources */,
				19DC62E52645FB8500E29843 /* CardFormField.swift in Sources */,
				19DC62942644DE7E00E29843 /* CardDetails.swift in Sources */,
			);
			runOnlyForDeploymentPostprocessing = 0;
		};
		19DC60DE2643524D00E29843 /* Sources */ = {
			isa = PBXSourcesBuildPhase;
			buildActionMask = 2147483647;
			files = (
				19DC60E72643524D00E29843 /* CardReaderTests.swift in Sources */,
			);
			runOnlyForDeploymentPostprocessing = 0;
		};
		19DC60E92643524D00E29843 /* Sources */ = {
			isa = PBXSourcesBuildPhase;
			buildActionMask = 2147483647;
			files = (
				19DC60F22643524D00E29843 /* CardReaderUITests.swift in Sources */,
			);
			runOnlyForDeploymentPostprocessing = 0;
		};
/* End PBXSourcesBuildPhase section */

/* Begin PBXTargetDependency section */
		19DC60E42643524D00E29843 /* PBXTargetDependency */ = {
			isa = PBXTargetDependency;
			target = 19DC60CB2643524C00E29843 /* CardReader */;
			targetProxy = 19DC60E32643524D00E29843 /* PBXContainerItemProxy */;
		};
		19DC60EF2643524D00E29843 /* PBXTargetDependency */ = {
			isa = PBXTargetDependency;
			target = 19DC60CB2643524C00E29843 /* CardReader */;
			targetProxy = 19DC60EE2643524D00E29843 /* PBXContainerItemProxy */;
		};
/* End PBXTargetDependency section */

/* Begin PBXVariantGroup section */
		19DC60DA2643524D00E29843 /* LaunchScreen.storyboard */ = {
			isa = PBXVariantGroup;
			children = (
				19DC60DB2643524D00E29843 /* Base */,
			);
			name = LaunchScreen.storyboard;
			sourceTree = "<group>";
		};
/* End PBXVariantGroup section */

/* Begin XCBuildConfiguration section */
		19DC60F42643524D00E29843 /* Debug */ = {
			isa = XCBuildConfiguration;
			buildSettings = {
				ALWAYS_SEARCH_USER_PATHS = NO;
				CLANG_ANALYZER_NONNULL = YES;
				CLANG_ANALYZER_NUMBER_OBJECT_CONVERSION = YES_AGGRESSIVE;
				CLANG_CXX_LANGUAGE_STANDARD = "gnu++14";
				CLANG_CXX_LIBRARY = "libc++";
				CLANG_ENABLE_MODULES = YES;
				CLANG_ENABLE_OBJC_ARC = YES;
				CLANG_ENABLE_OBJC_WEAK = YES;
				CLANG_WARN_BLOCK_CAPTURE_AUTORELEASING = YES;
				CLANG_WARN_BOOL_CONVERSION = YES;
				CLANG_WARN_COMMA = YES;
				CLANG_WARN_CONSTANT_CONVERSION = YES;
				CLANG_WARN_DEPRECATED_OBJC_IMPLEMENTATIONS = YES;
				CLANG_WARN_DIRECT_OBJC_ISA_USAGE = YES_ERROR;
				CLANG_WARN_DOCUMENTATION_COMMENTS = YES;
				CLANG_WARN_EMPTY_BODY = YES;
				CLANG_WARN_ENUM_CONVERSION = YES;
				CLANG_WARN_INFINITE_RECURSION = YES;
				CLANG_WARN_INT_CONVERSION = YES;
				CLANG_WARN_NON_LITERAL_NULL_CONVERSION = YES;
				CLANG_WARN_OBJC_IMPLICIT_RETAIN_SELF = YES;
				CLANG_WARN_OBJC_LITERAL_CONVERSION = YES;
				CLANG_WARN_OBJC_ROOT_CLASS = YES_ERROR;
				CLANG_WARN_QUOTED_INCLUDE_IN_FRAMEWORK_HEADER = YES;
				CLANG_WARN_RANGE_LOOP_ANALYSIS = YES;
				CLANG_WARN_STRICT_PROTOTYPES = YES;
				CLANG_WARN_SUSPICIOUS_MOVE = YES;
				CLANG_WARN_UNGUARDED_AVAILABILITY = YES_AGGRESSIVE;
				CLANG_WARN_UNREACHABLE_CODE = YES;
				CLANG_WARN__DUPLICATE_METHOD_MATCH = YES;
				COPY_PHASE_STRIP = NO;
				DEBUG_INFORMATION_FORMAT = dwarf;
				ENABLE_STRICT_OBJC_MSGSEND = YES;
				ENABLE_TESTABILITY = YES;
				GCC_C_LANGUAGE_STANDARD = gnu11;
				GCC_DYNAMIC_NO_PIC = NO;
				GCC_NO_COMMON_BLOCKS = YES;
				GCC_OPTIMIZATION_LEVEL = 0;
				GCC_PREPROCESSOR_DEFINITIONS = (
					"DEBUG=1",
					"$(inherited)",
				);
				GCC_WARN_64_TO_32_BIT_CONVERSION = YES;
				GCC_WARN_ABOUT_RETURN_TYPE = YES_ERROR;
				GCC_WARN_UNDECLARED_SELECTOR = YES;
				GCC_WARN_UNINITIALIZED_AUTOS = YES_AGGRESSIVE;
				GCC_WARN_UNUSED_FUNCTION = YES;
				GCC_WARN_UNUSED_VARIABLE = YES;
				IPHONEOS_DEPLOYMENT_TARGET = 13.0;
				MTL_ENABLE_DEBUG_INFO = INCLUDE_SOURCE;
				MTL_FAST_MATH = YES;
				ONLY_ACTIVE_ARCH = YES;
				SDKROOT = iphoneos;
				SWIFT_ACTIVE_COMPILATION_CONDITIONS = DEBUG;
				SWIFT_OPTIMIZATION_LEVEL = "-Onone";
			};
			name = Debug;
		};
		19DC60F52643524D00E29843 /* Release */ = {
			isa = XCBuildConfiguration;
			buildSettings = {
				ALWAYS_SEARCH_USER_PATHS = NO;
				CLANG_ANALYZER_NONNULL = YES;
				CLANG_ANALYZER_NUMBER_OBJECT_CONVERSION = YES_AGGRESSIVE;
				CLANG_CXX_LANGUAGE_STANDARD = "gnu++14";
				CLANG_CXX_LIBRARY = "libc++";
				CLANG_ENABLE_MODULES = YES;
				CLANG_ENABLE_OBJC_ARC = YES;
				CLANG_ENABLE_OBJC_WEAK = YES;
				CLANG_WARN_BLOCK_CAPTURE_AUTORELEASING = YES;
				CLANG_WARN_BOOL_CONVERSION = YES;
				CLANG_WARN_COMMA = YES;
				CLANG_WARN_CONSTANT_CONVERSION = YES;
				CLANG_WARN_DEPRECATED_OBJC_IMPLEMENTATIONS = YES;
				CLANG_WARN_DIRECT_OBJC_ISA_USAGE = YES_ERROR;
				CLANG_WARN_DOCUMENTATION_COMMENTS = YES;
				CLANG_WARN_EMPTY_BODY = YES;
				CLANG_WARN_ENUM_CONVERSION = YES;
				CLANG_WARN_INFINITE_RECURSION = YES;
				CLANG_WARN_INT_CONVERSION = YES;
				CLANG_WARN_NON_LITERAL_NULL_CONVERSION = YES;
				CLANG_WARN_OBJC_IMPLICIT_RETAIN_SELF = YES;
				CLANG_WARN_OBJC_LITERAL_CONVERSION = YES;
				CLANG_WARN_OBJC_ROOT_CLASS = YES_ERROR;
				CLANG_WARN_QUOTED_INCLUDE_IN_FRAMEWORK_HEADER = YES;
				CLANG_WARN_RANGE_LOOP_ANALYSIS = YES;
				CLANG_WARN_STRICT_PROTOTYPES = YES;
				CLANG_WARN_SUSPICIOUS_MOVE = YES;
				CLANG_WARN_UNGUARDED_AVAILABILITY = YES_AGGRESSIVE;
				CLANG_WARN_UNREACHABLE_CODE = YES;
				CLANG_WARN__DUPLICATE_METHOD_MATCH = YES;
				COPY_PHASE_STRIP = NO;
				DEBUG_INFORMATION_FORMAT = "dwarf-with-dsym";
				ENABLE_NS_ASSERTIONS = NO;
				ENABLE_STRICT_OBJC_MSGSEND = YES;
				GCC_C_LANGUAGE_STANDARD = gnu11;
				GCC_NO_COMMON_BLOCKS = YES;
				GCC_WARN_64_TO_32_BIT_CONVERSION = YES;
				GCC_WARN_ABOUT_RETURN_TYPE = YES_ERROR;
				GCC_WARN_UNDECLARED_SELECTOR = YES;
				GCC_WARN_UNINITIALIZED_AUTOS = YES_AGGRESSIVE;
				GCC_WARN_UNUSED_FUNCTION = YES;
				GCC_WARN_UNUSED_VARIABLE = YES;
				IPHONEOS_DEPLOYMENT_TARGET = 13.0;
				MTL_ENABLE_DEBUG_INFO = NO;
				MTL_FAST_MATH = YES;
				SDKROOT = iphoneos;
				SWIFT_COMPILATION_MODE = wholemodule;
				SWIFT_OPTIMIZATION_LEVEL = "-O";
				VALIDATE_PRODUCT = YES;
			};
			name = Release;
		};
		19DC60F72643524D00E29843 /* Debug */ = {
			isa = XCBuildConfiguration;
			buildSettings = {
				ASSETCATALOG_COMPILER_APPICON_NAME = AppIcon;
				ASSETCATALOG_COMPILER_GLOBAL_ACCENT_COLOR_NAME = AccentColor;
				CODE_SIGN_STYLE = Automatic;
				DEVELOPMENT_TEAM = 2U7U8L936R;
				INFOPLIST_FILE = CardReader/Info.plist;
				LD_RUNPATH_SEARCH_PATHS = (
					"$(inherited)",
					"@executable_path/Frameworks",
				);
				PRODUCT_BUNDLE_IDENTIFIER = Rogers.CardReader;
				PRODUCT_NAME = "$(TARGET_NAME)";
				SWIFT_VERSION = 5.0;
				TARGETED_DEVICE_FAMILY = "1,2";
			};
			name = Debug;
		};
		19DC60F82643524D00E29843 /* Release */ = {
			isa = XCBuildConfiguration;
			buildSettings = {
				ASSETCATALOG_COMPILER_APPICON_NAME = AppIcon;
				ASSETCATALOG_COMPILER_GLOBAL_ACCENT_COLOR_NAME = AccentColor;
				CODE_SIGN_STYLE = Automatic;
				DEVELOPMENT_TEAM = N7ZNEH23J7;
				INFOPLIST_FILE = CardReader/Info.plist;
				LD_RUNPATH_SEARCH_PATHS = (
					"$(inherited)",
					"@executable_path/Frameworks",
				);
				PRODUCT_BUNDLE_IDENTIFIER = Rogers.CardReader;
				PRODUCT_NAME = "$(TARGET_NAME)";
				SWIFT_VERSION = 5.0;
				TARGETED_DEVICE_FAMILY = "1,2";
			};
			name = Release;
		};
		19DC60FA2643524D00E29843 /* Debug */ = {
			isa = XCBuildConfiguration;
			buildSettings = {
				ALWAYS_EMBED_SWIFT_STANDARD_LIBRARIES = YES;
				BUNDLE_LOADER = "$(TEST_HOST)";
				CODE_SIGN_STYLE = Automatic;
				DEVELOPMENT_TEAM = N7ZNEH23J7;
				INFOPLIST_FILE = CardReaderTests/Info.plist;
				IPHONEOS_DEPLOYMENT_TARGET = 14.4;
				LD_RUNPATH_SEARCH_PATHS = (
					"$(inherited)",
					"@executable_path/Frameworks",
					"@loader_path/Frameworks",
				);
				PRODUCT_BUNDLE_IDENTIFIER = Rogers.CardReaderTests;
				PRODUCT_NAME = "$(TARGET_NAME)";
				SWIFT_VERSION = 5.0;
				TARGETED_DEVICE_FAMILY = "1,2";
				TEST_HOST = "$(BUILT_PRODUCTS_DIR)/CardReader.app/CardReader";
			};
			name = Debug;
		};
		19DC60FB2643524D00E29843 /* Release */ = {
			isa = XCBuildConfiguration;
			buildSettings = {
				ALWAYS_EMBED_SWIFT_STANDARD_LIBRARIES = YES;
				BUNDLE_LOADER = "$(TEST_HOST)";
				CODE_SIGN_STYLE = Automatic;
				DEVELOPMENT_TEAM = N7ZNEH23J7;
				INFOPLIST_FILE = CardReaderTests/Info.plist;
				IPHONEOS_DEPLOYMENT_TARGET = 14.4;
				LD_RUNPATH_SEARCH_PATHS = (
					"$(inherited)",
					"@executable_path/Frameworks",
					"@loader_path/Frameworks",
				);
				PRODUCT_BUNDLE_IDENTIFIER = Rogers.CardReaderTests;
				PRODUCT_NAME = "$(TARGET_NAME)";
				SWIFT_VERSION = 5.0;
				TARGETED_DEVICE_FAMILY = "1,2";
				TEST_HOST = "$(BUILT_PRODUCTS_DIR)/CardReader.app/CardReader";
			};
			name = Release;
		};
		19DC60FD2643524D00E29843 /* Debug */ = {
			isa = XCBuildConfiguration;
			buildSettings = {
				ALWAYS_EMBED_SWIFT_STANDARD_LIBRARIES = YES;
				CODE_SIGN_STYLE = Automatic;
				DEVELOPMENT_TEAM = N7ZNEH23J7;
				INFOPLIST_FILE = CardReaderUITests/Info.plist;
				LD_RUNPATH_SEARCH_PATHS = (
					"$(inherited)",
					"@executable_path/Frameworks",
					"@loader_path/Frameworks",
				);
				PRODUCT_BUNDLE_IDENTIFIER = Rogers.CardReaderUITests;
				PRODUCT_NAME = "$(TARGET_NAME)";
				SWIFT_VERSION = 5.0;
				TARGETED_DEVICE_FAMILY = "1,2";
				TEST_TARGET_NAME = CardReader;
			};
			name = Debug;
		};
		19DC60FE2643524D00E29843 /* Release */ = {
			isa = XCBuildConfiguration;
			buildSettings = {
				ALWAYS_EMBED_SWIFT_STANDARD_LIBRARIES = YES;
				CODE_SIGN_STYLE = Automatic;
				DEVELOPMENT_TEAM = N7ZNEH23J7;
				INFOPLIST_FILE = CardReaderUITests/Info.plist;
				LD_RUNPATH_SEARCH_PATHS = (
					"$(inherited)",
					"@executable_path/Frameworks",
					"@loader_path/Frameworks",
				);
				PRODUCT_BUNDLE_IDENTIFIER = Rogers.CardReaderUITests;
				PRODUCT_NAME = "$(TARGET_NAME)";
				SWIFT_VERSION = 5.0;
				TARGETED_DEVICE_FAMILY = "1,2";
				TEST_TARGET_NAME = CardReader;
			};
			name = Release;
		};
/* End XCBuildConfiguration section */

/* Begin XCConfigurationList section */
		19DC60C72643524C00E29843 /* Build configuration list for PBXProject "CardReader" */ = {
			isa = XCConfigurationList;
			buildConfigurations = (
				19DC60F42643524D00E29843 /* Debug */,
				19DC60F52643524D00E29843 /* Release */,
			);
			defaultConfigurationIsVisible = 0;
			defaultConfigurationName = Release;
		};
		19DC60F62643524D00E29843 /* Build configuration list for PBXNativeTarget "CardReader" */ = {
			isa = XCConfigurationList;
			buildConfigurations = (
				19DC60F72643524D00E29843 /* Debug */,
				19DC60F82643524D00E29843 /* Release */,
			);
			defaultConfigurationIsVisible = 0;
			defaultConfigurationName = Release;
		};
		19DC60F92643524D00E29843 /* Build configuration list for PBXNativeTarget "CardReaderTests" */ = {
			isa = XCConfigurationList;
			buildConfigurations = (
				19DC60FA2643524D00E29843 /* Debug */,
				19DC60FB2643524D00E29843 /* Release */,
			);
			defaultConfigurationIsVisible = 0;
			defaultConfigurationName = Release;
		};
		19DC60FC2643524D00E29843 /* Build configuration list for PBXNativeTarget "CardReaderUITests" */ = {
			isa = XCConfigurationList;
			buildConfigurations = (
				19DC60FD2643524D00E29843 /* Debug */,
				19DC60FE2643524D00E29843 /* Release */,
			);
			defaultConfigurationIsVisible = 0;
			defaultConfigurationName = Release;
		};
/* End XCConfigurationList section */
	};
	rootObject = 19DC60C42643524C00E29843 /* Project object */;
}
